
Microsoft Visual Studio Solution File, Format Version 12.00
# Visual Studio Version 17
VisualStudioVersion = 17.10.35004.147
MinimumVisualStudioVersion = 10.0.40219.1
Project("{9A19103F-16F7-4668-BE54-9A1E7A4F7556}") = "CustomerService.API", "CustomerService.API\CustomerService.API.csproj", "{3D88C7E1-6B60-454F-9C00-BFD023F00A2F}"
EndProject
Project("{9A19103F-16F7-4668-BE54-9A1E7A4F7556}") = "OrderService.API", "OrderService.API\OrderService.API.csproj", "{E65005A2-C5CA-4EED-8208-8219C85D843B}"
EndProject
Project("{9A19103F-16F7-4668-BE54-9A1E7A4F7556}") = "ProductService.API", "ProductService.API\ProductService.API.csproj", "{DC636FC4-6459-4EC8-A25E-50301BE91CB0}"
EndProject
Project("{9A19103F-16F7-4668-BE54-9A1E7A4F7556}") = "ApiGateway", "ApiGateway\ApiGateway.csproj", "{7EA6F171-12FE-4334-8911-5E526DD38984}"
EndProject
Project("{9A19103F-16F7-4668-BE54-9A1E7A4F7556}") = "AuthService.API", "AuthService.API\AuthService.API.csproj", "{D9F98B14-304B-41F0-9D84-995970717A02}"
EndProject
Project("{9A19103F-16F7-4668-BE54-9A1E7A4F7556}") = "SharedRepository", "SharedRepository\SharedRepository.csproj", "{A60F04BF-3B81-4104-9EC6-D76CE7B2FE96}"
EndProject
Project("{9A19103F-16F7-4668-BE54-9A1E7A4F7556}") = "UserService.API", "UserService.API\UserService.API.csproj", "{8EBE8022-BC88-40ED-8A3A-B338A3BE6E5F}"
EndProject
Project("{9A19103F-16F7-4668-BE54-9A1E7A4F7556}") = "UserGroupService.API", "UserGroupService.API\UserGroupService.API.csproj", "{851AF014-9A0C-41EB-A429-0B68DEB5BEB5}"
EndProject
Project("{9A19103F-16F7-4668-BE54-9A1E7A4F7556}") = "PurchaseService.API", "PurchaseService.API\PurchaseService.API.csproj", "{FBB6C6EE-FAEC-41DE-AAD5-10F3CB585269}"
EndProject
Project("{2150E333-8FDC-42A3-9474-1A3956D46DE8}") = "ProductInventoryGrpc", "ProductInventoryGrpc", "{969B4F55-1073-4CC6-98EF-CE58EF20EDE7}"
EndProject
Project("{9A19103F-16F7-4668-BE54-9A1E7A4F7556}") = "ProductInventory.Server", "ProductInventory.Server\ProductInventory.Server.csproj", "{94755563-B730-474B-8E15-C00E218D6459}"
EndProject
Project("{9A19103F-16F7-4668-BE54-9A1E7A4F7556}") = "ProductInventory.Client", "ProductInventory.Client\ProductInventory.Client.csproj", "{9B738FE2-2D16-445E-A50F-5E572C82AC8B}"
EndProject
Project("{9A19103F-16F7-4668-BE54-9A1E7A4F7556}") = "ProductInventory.Shared", "ProductInventory.Shared\ProductInventory.Shared.csproj", "{0867C228-7FF1-4A0C-9EFC-9A78ED7C4202}"
EndProject
Project("{2150E333-8FDC-42A3-9474-1A3956D46DE8}") = "GRPC", "GRPC", "{7778A5D3-CD04-4DD4-B7DC-6593A54CD5B5}"
EndProject
Project("{9A19103F-16F7-4668-BE54-9A1E7A4F7556}") = "GrpcClient", "GrpcClient\GrpcClient.csproj", "{9F2AA9BE-954F-4E3B-94A6-B5D26CD0AD4A}"
EndProject
Project("{9A19103F-16F7-4668-BE54-9A1E7A4F7556}") = "GrpcService", "GrpcService\GrpcService.csproj", "{2F779452-D48A-45A6-9A18-142343784471}"
EndProject
Project("{9A19103F-16F7-4668-BE54-9A1E7A4F7556}") = "OrderPublisher", "OrderPublisher\OrderPublisher.csproj", "{63C3E43B-2850-482C-BA54-0558ED538722}"
EndProject
Project("{9A19103F-16F7-4668-BE54-9A1E7A4F7556}") = "InventoryConsumer", "InventoryConsumer\InventoryConsumer.csproj", "{336A0345-1BD6-4A0A-8B03-3A075984D9CB}"
EndProject
Project("{9A19103F-16F7-4668-BE54-9A1E7A4F7556}") = "RabbitMQConsumer", "RabbitMQConsumer\RabbitMQConsumer.csproj", "{8DED5A0D-86A8-4B42-8F9A-B68D68F273FD}"
EndProject
Project("{9A19103F-16F7-4668-BE54-9A1E7A4F7556}") = "AuditSrvice.API", "AuditsSrvice.API\AuditSrvice.API.csproj", "{E73C6A3B-8C63-47F2-9D00-647D5427417E}"
EndProject
Project("{FAE04EC0-301F-11D3-BF4B-00C04F79EFBC}") = "RabbitMQHelper", "RabbitMQHelper\RabbitMQHelper.csproj", "{169C660B-5514-489F-9534-14A16455F048}"
EndProject
Global
	GlobalSection(SolutionConfigurationPlatforms) = preSolution
		Debug|Any CPU = Debug|Any CPU
		Release|Any CPU = Release|Any CPU
	EndGlobalSection
	GlobalSection(ProjectConfigurationPlatforms) = postSolution
		{3D88C7E1-6B60-454F-9C00-BFD023F00A2F}.Debug|Any CPU.ActiveCfg = Debug|Any CPU
		{3D88C7E1-6B60-454F-9C00-BFD023F00A2F}.Debug|Any CPU.Build.0 = Debug|Any CPU
		{3D88C7E1-6B60-454F-9C00-BFD023F00A2F}.Release|Any CPU.ActiveCfg = Release|Any CPU
		{3D88C7E1-6B60-454F-9C00-BFD023F00A2F}.Release|Any CPU.Build.0 = Release|Any CPU
		{E65005A2-C5CA-4EED-8208-8219C85D843B}.Debug|Any CPU.ActiveCfg = Debug|Any CPU
		{E65005A2-C5CA-4EED-8208-8219C85D843B}.Debug|Any CPU.Build.0 = Debug|Any CPU
		{E65005A2-C5CA-4EED-8208-8219C85D843B}.Release|Any CPU.ActiveCfg = Release|Any CPU
		{E65005A2-C5CA-4EED-8208-8219C85D843B}.Release|Any CPU.Build.0 = Release|Any CPU
		{DC636FC4-6459-4EC8-A25E-50301BE91CB0}.Debug|Any CPU.ActiveCfg = Debug|Any CPU
		{DC636FC4-6459-4EC8-A25E-50301BE91CB0}.Debug|Any CPU.Build.0 = Debug|Any CPU
		{DC636FC4-6459-4EC8-A25E-50301BE91CB0}.Release|Any CPU.ActiveCfg = Release|Any CPU
		{DC636FC4-6459-4EC8-A25E-50301BE91CB0}.Release|Any CPU.Build.0 = Release|Any CPU
		{7EA6F171-12FE-4334-8911-5E526DD38984}.Debug|Any CPU.ActiveCfg = Debug|Any CPU
		{7EA6F171-12FE-4334-8911-5E526DD38984}.Debug|Any CPU.Build.0 = Debug|Any CPU
		{7EA6F171-12FE-4334-8911-5E526DD38984}.Release|Any CPU.ActiveCfg = Release|Any CPU
		{7EA6F171-12FE-4334-8911-5E526DD38984}.Release|Any CPU.Build.0 = Release|Any CPU
		{D9F98B14-304B-41F0-9D84-995970717A02}.Debug|Any CPU.ActiveCfg = Debug|Any CPU
		{D9F98B14-304B-41F0-9D84-995970717A02}.Debug|Any CPU.Build.0 = Debug|Any CPU
		{D9F98B14-304B-41F0-9D84-995970717A02}.Release|Any CPU.ActiveCfg = Release|Any CPU
		{D9F98B14-304B-41F0-9D84-995970717A02}.Release|Any CPU.Build.0 = Release|Any CPU
		{A60F04BF-3B81-4104-9EC6-D76CE7B2FE96}.Debug|Any CPU.ActiveCfg = Debug|Any CPU
		{A60F04BF-3B81-4104-9EC6-D76CE7B2FE96}.Debug|Any CPU.Build.0 = Debug|Any CPU
		{A60F04BF-3B81-4104-9EC6-D76CE7B2FE96}.Release|Any CPU.ActiveCfg = Release|Any CPU
		{A60F04BF-3B81-4104-9EC6-D76CE7B2FE96}.Release|Any CPU.Build.0 = Release|Any CPU
		{8EBE8022-BC88-40ED-8A3A-B338A3BE6E5F}.Debug|Any CPU.ActiveCfg = Debug|Any CPU
		{8EBE8022-BC88-40ED-8A3A-B338A3BE6E5F}.Debug|Any CPU.Build.0 = Debug|Any CPU
		{8EBE8022-BC88-40ED-8A3A-B338A3BE6E5F}.Release|Any CPU.ActiveCfg = Release|Any CPU
		{8EBE8022-BC88-40ED-8A3A-B338A3BE6E5F}.Release|Any CPU.Build.0 = Release|Any CPU
		{851AF014-9A0C-41EB-A429-0B68DEB5BEB5}.Debug|Any CPU.ActiveCfg = Debug|Any CPU
		{851AF014-9A0C-41EB-A429-0B68DEB5BEB5}.Debug|Any CPU.Build.0 = Debug|Any CPU
		{851AF014-9A0C-41EB-A429-0B68DEB5BEB5}.Release|Any CPU.ActiveCfg = Release|Any CPU
		{851AF014-9A0C-41EB-A429-0B68DEB5BEB5}.Release|Any CPU.Build.0 = Release|Any CPU
		{FBB6C6EE-FAEC-41DE-AAD5-10F3CB585269}.Debug|Any CPU.ActiveCfg = Debug|Any CPU
		{FBB6C6EE-FAEC-41DE-AAD5-10F3CB585269}.Debug|Any CPU.Build.0 = Debug|Any CPU
		{FBB6C6EE-FAEC-41DE-AAD5-10F3CB585269}.Release|Any CPU.ActiveCfg = Release|Any CPU
		{FBB6C6EE-FAEC-41DE-AAD5-10F3CB585269}.Release|Any CPU.Build.0 = Release|Any CPU
		{94755563-B730-474B-8E15-C00E218D6459}.Debug|Any CPU.ActiveCfg = Debug|Any CPU
		{94755563-B730-474B-8E15-C00E218D6459}.Debug|Any CPU.Build.0 = Debug|Any CPU
		{94755563-B730-474B-8E15-C00E218D6459}.Release|Any CPU.ActiveCfg = Release|Any CPU
		{94755563-B730-474B-8E15-C00E218D6459}.Release|Any CPU.Build.0 = Release|Any CPU
		{9B738FE2-2D16-445E-A50F-5E572C82AC8B}.Debug|Any CPU.ActiveCfg = Debug|Any CPU
		{9B738FE2-2D16-445E-A50F-5E572C82AC8B}.Debug|Any CPU.Build.0 = Debug|Any CPU
		{9B738FE2-2D16-445E-A50F-5E572C82AC8B}.Release|Any CPU.ActiveCfg = Release|Any CPU
		{9B738FE2-2D16-445E-A50F-5E572C82AC8B}.Release|Any CPU.Build.0 = Release|Any CPU
		{0867C228-7FF1-4A0C-9EFC-9A78ED7C4202}.Debug|Any CPU.ActiveCfg = Debug|Any CPU
		{0867C228-7FF1-4A0C-9EFC-9A78ED7C4202}.Debug|Any CPU.Build.0 = Debug|Any CPU
		{0867C228-7FF1-4A0C-9EFC-9A78ED7C4202}.Release|Any CPU.ActiveCfg = Release|Any CPU
		{0867C228-7FF1-4A0C-9EFC-9A78ED7C4202}.Release|Any CPU.Build.0 = Release|Any CPU
		{9F2AA9BE-954F-4E3B-94A6-B5D26CD0AD4A}.Debug|Any CPU.ActiveCfg = Debug|Any CPU
		{9F2AA9BE-954F-4E3B-94A6-B5D26CD0AD4A}.Debug|Any CPU.Build.0 = Debug|Any CPU
		{9F2AA9BE-954F-4E3B-94A6-B5D26CD0AD4A}.Release|Any CPU.ActiveCfg = Release|Any CPU
		{9F2AA9BE-954F-4E3B-94A6-B5D26CD0AD4A}.Release|Any CPU.Build.0 = Release|Any CPU
		{2F779452-D48A-45A6-9A18-142343784471}.Debug|Any CPU.ActiveCfg = Debug|Any CPU
		{2F779452-D48A-45A6-9A18-142343784471}.Debug|Any CPU.Build.0 = Debug|Any CPU
		{2F779452-D48A-45A6-9A18-142343784471}.Release|Any CPU.ActiveCfg = Release|Any CPU
		{2F779452-D48A-45A6-9A18-142343784471}.Release|Any CPU.Build.0 = Release|Any CPU
		{63C3E43B-2850-482C-BA54-0558ED538722}.Debug|Any CPU.ActiveCfg = Debug|Any CPU
		{63C3E43B-2850-482C-BA54-0558ED538722}.Debug|Any CPU.Build.0 = Debug|Any CPU
		{63C3E43B-2850-482C-BA54-0558ED538722}.Release|Any CPU.ActiveCfg = Release|Any CPU
		{63C3E43B-2850-482C-BA54-0558ED538722}.Release|Any CPU.Build.0 = Release|Any CPU
		{336A0345-1BD6-4A0A-8B03-3A075984D9CB}.Debug|Any CPU.ActiveCfg = Debug|Any CPU
		{336A0345-1BD6-4A0A-8B03-3A075984D9CB}.Debug|Any CPU.Build.0 = Debug|Any CPU
		{336A0345-1BD6-4A0A-8B03-3A075984D9CB}.Release|Any CPU.ActiveCfg = Release|Any CPU
		{336A0345-1BD6-4A0A-8B03-3A075984D9CB}.Release|Any CPU.Build.0 = Release|Any CPU
		{8DED5A0D-86A8-4B42-8F9A-B68D68F273FD}.Debug|Any CPU.ActiveCfg = Debug|Any CPU
		{8DED5A0D-86A8-4B42-8F9A-B68D68F273FD}.Debug|Any CPU.Build.0 = Debug|Any CPU
		{8DED5A0D-86A8-4B42-8F9A-B68D68F273FD}.Release|Any CPU.ActiveCfg = Release|Any CPU
		{8DED5A0D-86A8-4B42-8F9A-B68D68F273FD}.Release|Any CPU.Build.0 = Release|Any CPU
		{E73C6A3B-8C63-47F2-9D00-647D5427417E}.Debug|Any CPU.ActiveCfg = Debug|Any CPU
		{E73C6A3B-8C63-47F2-9D00-647D5427417E}.Debug|Any CPU.Build.0 = Debug|Any CPU
		{E73C6A3B-8C63-47F2-9D00-647D5427417E}.Release|Any CPU.ActiveCfg = Release|Any CPU
		{E73C6A3B-8C63-47F2-9D00-647D5427417E}.Release|Any CPU.Build.0 = Release|Any CPU
		{169C660B-5514-489F-9534-14A16455F048}.Debug|Any CPU.ActiveCfg = Debug|Any CPU
		{169C660B-5514-489F-9534-14A16455F048}.Debug|Any CPU.Build.0 = Debug|Any CPU
		{169C660B-5514-489F-9534-14A16455F048}.Release|Any CPU.ActiveCfg = Release|Any CPU
		{169C660B-5514-489F-9534-14A16455F048}.Release|Any CPU.Build.0 = Release|Any CPU
	EndGlobalSection
	GlobalSection(SolutionProperties) = preSolution
		HideSolutionNode = FALSE
	EndGlobalSection
	GlobalSection(NestedProjects) = preSolution
		{94755563-B730-474B-8E15-C00E218D6459} = {969B4F55-1073-4CC6-98EF-CE58EF20EDE7}
		{9B738FE2-2D16-445E-A50F-5E572C82AC8B} = {969B4F55-1073-4CC6-98EF-CE58EF20EDE7}
		{0867C228-7FF1-4A0C-9EFC-9A78ED7C4202} = {969B4F55-1073-4CC6-98EF-CE58EF20EDE7}
		{9F2AA9BE-954F-4E3B-94A6-B5D26CD0AD4A} = {7778A5D3-CD04-4DD4-B7DC-6593A54CD5B5}
		{2F779452-D48A-45A6-9A18-142343784471} = {7778A5D3-CD04-4DD4-B7DC-6593A54CD5B5}
	EndGlobalSection
	GlobalSection(ExtensibilityGlobals) = postSolution
		SolutionGuid = {DE22C9A3-419B-43C1-8377-4DA8D349C471}
	EndGlobalSection
EndGlobal
